
Microsoft Visual Studio Solution File, Format Version 12.00
# Visual Studio Version 17
VisualStudioVersion = 17.0.31903.59
MinimumVisualStudioVersion = 10.0.40219.1
Project("{FAE04EC0-301F-11D3-BF4B-00C04F79EFBC}") = "API", "API\API.csproj", "{8DE75336-0723-4232-90D0-D3DAC68EA9BB}"
EndProject
Project("{FAE04EC0-301F-11D3-BF4B-00C04F79EFBC}") = "Core", "Core\Core.csproj", "{07E0BC6B-BA07-4C79-A043-F2ACC347522D}"
EndProject
Project("{FAE04EC0-301F-11D3-BF4B-00C04F79EFBC}") = "Infrastructure", "Infrastructure\Infrastructure.csproj", "{40356401-C15F-4A96-B198-D0CC995B39C8}"
EndProject
Global
	GlobalSection(SolutionConfigurationPlatforms) = preSolution
		Debug|Any CPU = Debug|Any CPU
		Release|Any CPU = Release|Any CPU
	EndGlobalSection
	GlobalSection(SolutionProperties) = preSolution
		HideSolutionNode = FALSE
	EndGlobalSection
	GlobalSection(ProjectConfigurationPlatforms) = postSolution
		{8DE75336-0723-4232-90D0-D3DAC68EA9BB}.Debug|Any CPU.ActiveCfg = Debug|Any CPU
		{8DE75336-0723-4232-90D0-D3DAC68EA9BB}.Debug|Any CPU.Build.0 = Debug|Any CPU
		{8DE75336-0723-4232-90D0-D3DAC68EA9BB}.Release|Any CPU.ActiveCfg = Release|Any CPU
		{8DE75336-0723-4232-90D0-D3DAC68EA9BB}.Release|Any CPU.Build.0 = Release|Any CPU
		{07E0BC6B-BA07-4C79-A043-F2ACC347522D}.Debug|Any CPU.ActiveCfg = Debug|Any CPU
		{07E0BC6B-BA07-4C79-A043-F2ACC347522D}.Debug|Any CPU.Build.0 = Debug|Any CPU
		{07E0BC6B-BA07-4C79-A043-F2ACC347522D}.Release|Any CPU.ActiveCfg = Release|Any CPU
		{07E0BC6B-BA07-4C79-A043-F2ACC347522D}.Release|Any CPU.Build.0 = Release|Any CPU
		{40356401-C15F-4A96-B198-D0CC995B39C8}.Debug|Any CPU.ActiveCfg = Debug|Any CPU
		{40356401-C15F-4A96-B198-D0CC995B39C8}.Debug|Any CPU.Build.0 = Debug|Any CPU
		{40356401-C15F-4A96-B198-D0CC995B39C8}.Release|Any CPU.ActiveCfg = Release|Any CPU
		{40356401-C15F-4A96-B198-D0CC995B39C8}.Release|Any CPU.Build.0 = Release|Any CPU
	EndGlobalSection
EndGlobal
